
Microsoft Visual Studio Solution File, Format Version 12.00
# Visual Studio Version 17
VisualStudioVersion = 17.0.32112.339
MinimumVisualStudioVersion = 10.0.40219.1
Project("{9A19103F-16F7-4668-BE54-9A1E7A4F7556}") = "Memotech.BSA", "Memotech.BSA\Memotech.BSA.csproj", "{E9D6B92C-1CEC-4C74-BF94-8582CABBE789}"
EndProject
Project("{9A19103F-16F7-4668-BE54-9A1E7A4F7556}") = "Memotech.Core", "Memotech.Core\Memotech.Core.csproj", "{7B3707A0-81EC-4C4F-A971-16A6A3F98C41}"
EndProject
Global
	GlobalSection(SolutionConfigurationPlatforms) = preSolution
		Debug|Any CPU = Debug|Any CPU
		Release|Any CPU = Release|Any CPU
	EndGlobalSection
	GlobalSection(ProjectConfigurationPlatforms) = postSolution
		{E9D6B92C-1CEC-4C74-BF94-8582CABBE789}.Debug|Any CPU.ActiveCfg = Debug|Any CPU
		{E9D6B92C-1CEC-4C74-BF94-8582CABBE789}.Debug|Any CPU.Build.0 = Debug|Any CPU
		{E9D6B92C-1CEC-4C74-BF94-8582CABBE789}.Release|Any CPU.ActiveCfg = Release|Any CPU
		{E9D6B92C-1CEC-4C74-BF94-8582CABBE789}.Release|Any CPU.Build.0 = Release|Any CPU
		{7B3707A0-81EC-4C4F-A971-16A6A3F98C41}.Debug|Any CPU.ActiveCfg = Debug|Any CPU
		{7B3707A0-81EC-4C4F-A971-16A6A3F98C41}.Debug|Any CPU.Build.0 = Debug|Any CPU
		{7B3707A0-81EC-4C4F-A971-16A6A3F98C41}.Release|Any CPU.ActiveCfg = Release|Any CPU
		{7B3707A0-81EC-4C4F-A971-16A6A3F98C41}.Release|Any CPU.Build.0 = Release|Any CPU
	EndGlobalSection
	GlobalSection(SolutionProperties) = preSolution
		HideSolutionNode = FALSE
	EndGlobalSection
	GlobalSection(ExtensibilityGlobals) = postSolution
		SolutionGuid = {BA56175A-B98B-4772-B94E-D4CE6D857714}
	EndGlobalSection
EndGlobal
